// !$*UTF8*$!
{
	archiveVersion = 1;
	classes = {
	};
	objectVersion = 56;
	objects = {

/* Begin PBXBuildFile section */
		9909137329DB8FED00EB2393 /* TweetCellView.swift in Sources */ = {isa = PBXBuildFile; fileRef = 9909137229DB8FED00EB2393 /* TweetCellView.swift */; };
		9909137629DC738900EB2393 /* SearchCell.swift in Sources */ = {isa = PBXBuildFile; fileRef = 9909137529DC738900EB2393 /* SearchCell.swift */; };
		9909137829DC81F500EB2393 /* SearchBarView.swift in Sources */ = {isa = PBXBuildFile; fileRef = 9909137729DC81F500EB2393 /* SearchBarView.swift */; };
		9909137A29DCA5F300EB2393 /* SearchUserCell.swift in Sources */ = {isa = PBXBuildFile; fileRef = 9909137929DCA5F300EB2393 /* SearchUserCell.swift */; };
		9909137C29DCB28300EB2393 /* UIApplication+Extension.swift in Sources */ = {isa = PBXBuildFile; fileRef = 9909137B29DCB28300EB2393 /* UIApplication+Extension.swift */; };
		9909137E29DCBDE700EB2393 /* NotificationCell.swift in Sources */ = {isa = PBXBuildFile; fileRef = 9909137D29DCBDE700EB2393 /* NotificationCell.swift */; };
		99231E1A29F1BD3B003A8B8D /* UserLoginRequest.swift in Sources */ = {isa = PBXBuildFile; fileRef = 99231E1929F1BD3B003A8B8D /* UserLoginRequest.swift */; };
		99231E1E29F1BF4B003A8B8D /* RegisterUserRequest.swift in Sources */ = {isa = PBXBuildFile; fileRef = 99231E1D29F1BF4B003A8B8D /* RegisterUserRequest.swift */; };
		9960822C29FC2B7F008BBF69 /* NetworkRequest.swift in Sources */ = {isa = PBXBuildFile; fileRef = 9960822B29FC2B7F008BBF69 /* NetworkRequest.swift */; };
		9960822E29FC41D1008BBF69 /* ImagePicker.swift in Sources */ = {isa = PBXBuildFile; fileRef = 9960822D29FC41D1008BBF69 /* ImagePicker.swift */; };
		9960823029FC4B9E008BBF69 /* ImageUploader.swift in Sources */ = {isa = PBXBuildFile; fileRef = 9960822F29FC4B9E008BBF69 /* ImageUploader.swift */; };
		996082322A00190E008BBF69 /* FeedViewModel.swift in Sources */ = {isa = PBXBuildFile; fileRef = 996082312A00190E008BBF69 /* FeedViewModel.swift */; };
		996082352A001F8C008BBF69 /* TweetCellViewModel.swift in Sources */ = {isa = PBXBuildFile; fileRef = 996082342A001F8C008BBF69 /* TweetCellViewModel.swift */; };
		996082382A00225F008BBF69 /* Kingfisher in Frameworks */ = {isa = PBXBuildFile; productRef = 996082372A00225F008BBF69 /* Kingfisher */; };
		9967783129DA3BE100DEC95F /* Twitter_CloneApp.swift in Sources */ = {isa = PBXBuildFile; fileRef = 9967783029DA3BE100DEC95F /* Twitter_CloneApp.swift */; };
		9967783529DA3BE200DEC95F /* Assets.xcassets in Resources */ = {isa = PBXBuildFile; fileRef = 9967783429DA3BE200DEC95F /* Assets.xcassets */; };
		9967783829DA3BE200DEC95F /* Preview Assets.xcassets in Resources */ = {isa = PBXBuildFile; fileRef = 9967783729DA3BE200DEC95F /* Preview Assets.xcassets */; };
		9967788329DB389F00DEC95F /* HomeView.swift in Sources */ = {isa = PBXBuildFile; fileRef = 9967788229DB389F00DEC95F /* HomeView.swift */; };
		9967788829DB3A9400DEC95F /* FeedView.swift in Sources */ = {isa = PBXBuildFile; fileRef = 9967788729DB3A9400DEC95F /* FeedView.swift */; };
		9967788A29DB3A9D00DEC95F /* SearchView.swift in Sources */ = {isa = PBXBuildFile; fileRef = 9967788929DB3A9D00DEC95F /* SearchView.swift */; };
		9967788C29DB3AA700DEC95F /* MessagesView.swift in Sources */ = {isa = PBXBuildFile; fileRef = 9967788B29DB3AA700DEC95F /* MessagesView.swift */; };
		9967788F29DB3B0500DEC95F /* NotificationsView.swift in Sources */ = {isa = PBXBuildFile; fileRef = 9967788E29DB3B0500DEC95F /* NotificationsView.swift */; };
		9967789529DB430800DEC95F /* Color+Extensions.swift in Sources */ = {isa = PBXBuildFile; fileRef = 9967789429DB430800DEC95F /* Color+Extensions.swift */; };
		9967789829DB496700DEC95F /* CreateTweetView.swift in Sources */ = {isa = PBXBuildFile; fileRef = 9967789729DB496700DEC95F /* CreateTweetView.swift */; };
		9967789B29DB69FE00DEC95F /* MultilineTextFeildRepresentable.swift in Sources */ = {isa = PBXBuildFile; fileRef = 9967789A29DB69FE00DEC95F /* MultilineTextFeildRepresentable.swift */; };
		9980CF4229DE60A700AAEC47 /* MessageCellView.swift in Sources */ = {isa = PBXBuildFile; fileRef = 9980CF4129DE60A700AAEC47 /* MessageCellView.swift */; };
		9980CF4429DF112000AAEC47 /* TopBarView.swift in Sources */ = {isa = PBXBuildFile; fileRef = 9980CF4329DF112000AAEC47 /* TopBarView.swift */; };
		998903E429DF126D0022AF0A /* MainView.swift in Sources */ = {isa = PBXBuildFile; fileRef = 998903E329DF126D0022AF0A /* MainView.swift */; };
		9993C54729E2079D00727DD9 /* RegisterView.swift in Sources */ = {isa = PBXBuildFile; fileRef = 9993C54629E2079D00727DD9 /* RegisterView.swift */; };
		9993C54929E208EF00727DD9 /* CustomAuthTextField.swift in Sources */ = {isa = PBXBuildFile; fileRef = 9993C54829E208EF00727DD9 /* CustomAuthTextField.swift */; };
		9993C54B29E2109700727DD9 /* LoginView.swift in Sources */ = {isa = PBXBuildFile; fileRef = 9993C54A29E2109700727DD9 /* LoginView.swift */; };
		99CE056B29DFA33A001651ED /* FollowView.swift in Sources */ = {isa = PBXBuildFile; fileRef = 99CE056A29DFA33A001651ED /* FollowView.swift */; };
		99CE056D29DFA357001651ED /* MenuButtonView.swift in Sources */ = {isa = PBXBuildFile; fileRef = 99CE056C29DFA357001651ED /* MenuButtonView.swift */; };
		99CE056F29DFA36D001651ED /* SlideMenuView.swift in Sources */ = {isa = PBXBuildFile; fileRef = 99CE056E29DFA36D001651ED /* SlideMenuView.swift */; };
		99CE057229E11E4F001651ED /* UserProfileView.swift in Sources */ = {isa = PBXBuildFile; fileRef = 99CE057129E11E4F001651ED /* UserProfileView.swift */; };
		99CE057429E11FF3001651ED /* BlurViewRepresentable.swift in Sources */ = {isa = PBXBuildFile; fileRef = 99CE057329E11FF3001651ED /* BlurViewRepresentable.swift */; };
		99CE057629E12179001651ED /* View+Extensions.swift in Sources */ = {isa = PBXBuildFile; fileRef = 99CE057529E12179001651ED /* View+Extensions.swift */; };
		99CE057C29E1EAF3001651ED /* ProfileTabButtonView.swift in Sources */ = {isa = PBXBuildFile; fileRef = 99CE057B29E1EAF3001651ED /* ProfileTabButtonView.swift */; };
		99CE057F29E1EE3F001651ED /* WelcomeView.swift in Sources */ = {isa = PBXBuildFile; fileRef = 99CE057E29E1EE3F001651ED /* WelcomeView.swift */; };
		99CE058129E1F35C001651ED /* SignupButtonView.swift in Sources */ = {isa = PBXBuildFile; fileRef = 99CE058029E1F35C001651ED /* SignupButtonView.swift */; };
		99E720C329E796010005B48C /* User.swift in Sources */ = {isa = PBXBuildFile; fileRef = 99E720C229E796010005B48C /* User.swift */; };
		99E720C629E886970005B48C /* AuthViewModel.swift in Sources */ = {isa = PBXBuildFile; fileRef = 99E720C529E886970005B48C /* AuthViewModel.swift */; };
		99E720C929E88C170005B48C /* AuthServices.swift in Sources */ = {isa = PBXBuildFile; fileRef = 99E720C829E88C170005B48C /* AuthServices.swift */; };
		99E720CB29E89E9F0005B48C /* NextButton.swift in Sources */ = {isa = PBXBuildFile; fileRef = 99E720CA29E89E9F0005B48C /* NextButton.swift */; };
		99E720CD29E9BC340005B48C /* ContentView.swift in Sources */ = {isa = PBXBuildFile; fileRef = 99E720CC29E9BC340005B48C /* ContentView.swift */; };
		99F03FE929F23F14007E9FE8 /* Tweet.swift in Sources */ = {isa = PBXBuildFile; fileRef = 99F03FE829F23F14007E9FE8 /* Tweet.swift */; };
		99F03FEB29F23F23007E9FE8 /* TweetRequest.swift in Sources */ = {isa = PBXBuildFile; fileRef = 99F03FEA29F23F23007E9FE8 /* TweetRequest.swift */; };
		99F03FED29F2400D007E9FE8 /* TweetViewModel.swift in Sources */ = {isa = PBXBuildFile; fileRef = 99F03FEC29F2400D007E9FE8 /* TweetViewModel.swift */; };
/* End PBXBuildFile section */

/* Begin PBXFileReference section */
		9909137229DB8FED00EB2393 /* TweetCellView.swift */ = {isa = PBXFileReference; lastKnownFileType = sourcecode.swift; path = TweetCellView.swift; sourceTree = "<group>"; };
		9909137529DC738900EB2393 /* SearchCell.swift */ = {isa = PBXFileReference; lastKnownFileType = sourcecode.swift; path = SearchCell.swift; sourceTree = "<group>"; };
		9909137729DC81F500EB2393 /* SearchBarView.swift */ = {isa = PBXFileReference; lastKnownFileType = sourcecode.swift; path = SearchBarView.swift; sourceTree = "<group>"; };
		9909137929DCA5F300EB2393 /* SearchUserCell.swift */ = {isa = PBXFileReference; lastKnownFileType = sourcecode.swift; path = SearchUserCell.swift; sourceTree = "<group>"; };
		9909137B29DCB28300EB2393 /* UIApplication+Extension.swift */ = {isa = PBXFileReference; lastKnownFileType = sourcecode.swift; path = "UIApplication+Extension.swift"; sourceTree = "<group>"; };
		9909137D29DCBDE700EB2393 /* NotificationCell.swift */ = {isa = PBXFileReference; lastKnownFileType = sourcecode.swift; path = NotificationCell.swift; sourceTree = "<group>"; };
		99231E1929F1BD3B003A8B8D /* UserLoginRequest.swift */ = {isa = PBXFileReference; lastKnownFileType = sourcecode.swift; path = UserLoginRequest.swift; sourceTree = "<group>"; };
		99231E1D29F1BF4B003A8B8D /* RegisterUserRequest.swift */ = {isa = PBXFileReference; lastKnownFileType = sourcecode.swift; path = RegisterUserRequest.swift; sourceTree = "<group>"; };
		9960822B29FC2B7F008BBF69 /* NetworkRequest.swift */ = {isa = PBXFileReference; lastKnownFileType = sourcecode.swift; path = NetworkRequest.swift; sourceTree = "<group>"; };
		9960822D29FC41D1008BBF69 /* ImagePicker.swift */ = {isa = PBXFileReference; lastKnownFileType = sourcecode.swift; path = ImagePicker.swift; sourceTree = "<group>"; };
		9960822F29FC4B9E008BBF69 /* ImageUploader.swift */ = {isa = PBXFileReference; lastKnownFileType = sourcecode.swift; path = ImageUploader.swift; sourceTree = "<group>"; };
		996082312A00190E008BBF69 /* FeedViewModel.swift */ = {isa = PBXFileReference; lastKnownFileType = sourcecode.swift; path = FeedViewModel.swift; sourceTree = "<group>"; };
		996082342A001F8C008BBF69 /* TweetCellViewModel.swift */ = {isa = PBXFileReference; lastKnownFileType = sourcecode.swift; path = TweetCellViewModel.swift; sourceTree = "<group>"; };
		9967782D29DA3BE100DEC95F /* Twitter-Clone.app */ = {isa = PBXFileReference; explicitFileType = wrapper.application; includeInIndex = 0; path = "Twitter-Clone.app"; sourceTree = BUILT_PRODUCTS_DIR; };
		9967783029DA3BE100DEC95F /* Twitter_CloneApp.swift */ = {isa = PBXFileReference; lastKnownFileType = sourcecode.swift; path = Twitter_CloneApp.swift; sourceTree = "<group>"; };
		9967783429DA3BE200DEC95F /* Assets.xcassets */ = {isa = PBXFileReference; lastKnownFileType = folder.assetcatalog; path = Assets.xcassets; sourceTree = "<group>"; };
		9967783729DA3BE200DEC95F /* Preview Assets.xcassets */ = {isa = PBXFileReference; lastKnownFileType = folder.assetcatalog; path = "Preview Assets.xcassets"; sourceTree = "<group>"; };
		9967788229DB389F00DEC95F /* HomeView.swift */ = {isa = PBXFileReference; lastKnownFileType = sourcecode.swift; path = HomeView.swift; sourceTree = "<group>"; };
		9967788729DB3A9400DEC95F /* FeedView.swift */ = {isa = PBXFileReference; lastKnownFileType = sourcecode.swift; path = FeedView.swift; sourceTree = "<group>"; };
		9967788929DB3A9D00DEC95F /* SearchView.swift */ = {isa = PBXFileReference; lastKnownFileType = sourcecode.swift; path = SearchView.swift; sourceTree = "<group>"; };
		9967788B29DB3AA700DEC95F /* MessagesView.swift */ = {isa = PBXFileReference; lastKnownFileType = sourcecode.swift; path = MessagesView.swift; sourceTree = "<group>"; };
		9967788E29DB3B0500DEC95F /* NotificationsView.swift */ = {isa = PBXFileReference; lastKnownFileType = sourcecode.swift; path = NotificationsView.swift; sourceTree = "<group>"; };
		9967789429DB430800DEC95F /* Color+Extensions.swift */ = {isa = PBXFileReference; lastKnownFileType = sourcecode.swift; path = "Color+Extensions.swift"; sourceTree = "<group>"; };
		9967789729DB496700DEC95F /* CreateTweetView.swift */ = {isa = PBXFileReference; lastKnownFileType = sourcecode.swift; path = CreateTweetView.swift; sourceTree = "<group>"; };
		9967789A29DB69FE00DEC95F /* MultilineTextFeildRepresentable.swift */ = {isa = PBXFileReference; lastKnownFileType = sourcecode.swift; path = MultilineTextFeildRepresentable.swift; sourceTree = "<group>"; };
		9980CF4129DE60A700AAEC47 /* MessageCellView.swift */ = {isa = PBXFileReference; lastKnownFileType = sourcecode.swift; path = MessageCellView.swift; sourceTree = "<group>"; };
		9980CF4329DF112000AAEC47 /* TopBarView.swift */ = {isa = PBXFileReference; lastKnownFileType = sourcecode.swift; path = TopBarView.swift; sourceTree = "<group>"; };
		998903E329DF126D0022AF0A /* MainView.swift */ = {isa = PBXFileReference; lastKnownFileType = sourcecode.swift; path = MainView.swift; sourceTree = "<group>"; };
		9993C54629E2079D00727DD9 /* RegisterView.swift */ = {isa = PBXFileReference; lastKnownFileType = sourcecode.swift; path = RegisterView.swift; sourceTree = "<group>"; };
		9993C54829E208EF00727DD9 /* CustomAuthTextField.swift */ = {isa = PBXFileReference; lastKnownFileType = sourcecode.swift; path = CustomAuthTextField.swift; sourceTree = "<group>"; };
		9993C54A29E2109700727DD9 /* LoginView.swift */ = {isa = PBXFileReference; lastKnownFileType = sourcecode.swift; path = LoginView.swift; sourceTree = "<group>"; };
		99CE056A29DFA33A001651ED /* FollowView.swift */ = {isa = PBXFileReference; lastKnownFileType = sourcecode.swift; path = FollowView.swift; sourceTree = "<group>"; };
		99CE056C29DFA357001651ED /* MenuButtonView.swift */ = {isa = PBXFileReference; lastKnownFileType = sourcecode.swift; path = MenuButtonView.swift; sourceTree = "<group>"; };
		99CE056E29DFA36D001651ED /* SlideMenuView.swift */ = {isa = PBXFileReference; lastKnownFileType = sourcecode.swift; path = SlideMenuView.swift; sourceTree = "<group>"; };
		99CE057129E11E4F001651ED /* UserProfileView.swift */ = {isa = PBXFileReference; lastKnownFileType = sourcecode.swift; path = UserProfileView.swift; sourceTree = "<group>"; };
		99CE057329E11FF3001651ED /* BlurViewRepresentable.swift */ = {isa = PBXFileReference; lastKnownFileType = sourcecode.swift; path = BlurViewRepresentable.swift; sourceTree = "<group>"; };
		99CE057529E12179001651ED /* View+Extensions.swift */ = {isa = PBXFileReference; lastKnownFileType = sourcecode.swift; path = "View+Extensions.swift"; sourceTree = "<group>"; };
		99CE057B29E1EAF3001651ED /* ProfileTabButtonView.swift */ = {isa = PBXFileReference; lastKnownFileType = sourcecode.swift; path = ProfileTabButtonView.swift; sourceTree = "<group>"; };
		99CE057E29E1EE3F001651ED /* WelcomeView.swift */ = {isa = PBXFileReference; lastKnownFileType = sourcecode.swift; path = WelcomeView.swift; sourceTree = "<group>"; };
		99CE058029E1F35C001651ED /* SignupButtonView.swift */ = {isa = PBXFileReference; lastKnownFileType = sourcecode.swift; path = SignupButtonView.swift; sourceTree = "<group>"; };
		99E720C229E796010005B48C /* User.swift */ = {isa = PBXFileReference; lastKnownFileType = sourcecode.swift; path = User.swift; sourceTree = "<group>"; };
		99E720C529E886970005B48C /* AuthViewModel.swift */ = {isa = PBXFileReference; lastKnownFileType = sourcecode.swift; path = AuthViewModel.swift; sourceTree = "<group>"; };
		99E720C829E88C170005B48C /* AuthServices.swift */ = {isa = PBXFileReference; lastKnownFileType = sourcecode.swift; path = AuthServices.swift; sourceTree = "<group>"; };
		99E720CA29E89E9F0005B48C /* NextButton.swift */ = {isa = PBXFileReference; lastKnownFileType = sourcecode.swift; path = NextButton.swift; sourceTree = "<group>"; };
		99E720CC29E9BC340005B48C /* ContentView.swift */ = {isa = PBXFileReference; lastKnownFileType = sourcecode.swift; path = ContentView.swift; sourceTree = "<group>"; };
		99F03FE829F23F14007E9FE8 /* Tweet.swift */ = {isa = PBXFileReference; lastKnownFileType = sourcecode.swift; path = Tweet.swift; sourceTree = "<group>"; };
		99F03FEA29F23F23007E9FE8 /* TweetRequest.swift */ = {isa = PBXFileReference; lastKnownFileType = sourcecode.swift; path = TweetRequest.swift; sourceTree = "<group>"; };
		99F03FEC29F2400D007E9FE8 /* TweetViewModel.swift */ = {isa = PBXFileReference; lastKnownFileType = sourcecode.swift; path = TweetViewModel.swift; sourceTree = "<group>"; };
/* End PBXFileReference section */

/* Begin PBXFrameworksBuildPhase section */
		9967782A29DA3BE100DEC95F /* Frameworks */ = {
			isa = PBXFrameworksBuildPhase;
			buildActionMask = 2147483647;
			files = (
				996082382A00225F008BBF69 /* Kingfisher in Frameworks */,
			);
			runOnlyForDeploymentPostprocessing = 0;
		};
/* End PBXFrameworksBuildPhase section */

/* Begin PBXGroup section */
		99231E1B29F1BF01003A8B8D /* Response */ = {
			isa = PBXGroup;
			children = (
				99E720C229E796010005B48C /* User.swift */,
				99F03FE829F23F14007E9FE8 /* Tweet.swift */,
			);
			path = Response;
			sourceTree = "<group>";
		};
		99231E1C29F1BF0A003A8B8D /* Requests */ = {
			isa = PBXGroup;
			children = (
				99231E1929F1BD3B003A8B8D /* UserLoginRequest.swift */,
				99231E1D29F1BF4B003A8B8D /* RegisterUserRequest.swift */,
				99F03FEA29F23F23007E9FE8 /* TweetRequest.swift */,
			);
			path = Requests;
			sourceTree = "<group>";
		};
		996082332A001912008BBF69 /* Feed */ = {
			isa = PBXGroup;
			children = (
				996082312A00190E008BBF69 /* FeedViewModel.swift */,
				996082342A001F8C008BBF69 /* TweetCellViewModel.swift */,
			);
			path = Feed;
			sourceTree = "<group>";
		};
		9967782429DA3BE100DEC95F = {
			isa = PBXGroup;
			children = (
				9967782F29DA3BE100DEC95F /* Twitter-Clone */,
				9967782E29DA3BE100DEC95F /* Products */,
			);
			sourceTree = "<group>";
		};
		9967782E29DA3BE100DEC95F /* Products */ = {
			isa = PBXGroup;
			children = (
				9967782D29DA3BE100DEC95F /* Twitter-Clone.app */,
			);
			name = Products;
			sourceTree = "<group>";
		};
		9967782F29DA3BE100DEC95F /* Twitter-Clone */ = {
			isa = PBXGroup;
			children = (
				99E720C729E88C0B0005B48C /* Services */,
				99E720C429E8868C0005B48C /* ViewModel */,
				99E720C129E795F40005B48C /* Model */,
				9967789329DB42FB00DEC95F /* Extensions */,
				9967788029DB387300DEC95F /* Views */,
				9967783429DA3BE200DEC95F /* Assets.xcassets */,
				9967783629DA3BE200DEC95F /* Preview Content */,
			);
			path = "Twitter-Clone";
			sourceTree = "<group>";
		};
		9967783629DA3BE200DEC95F /* Preview Content */ = {
			isa = PBXGroup;
			children = (
				9967783729DA3BE200DEC95F /* Preview Assets.xcassets */,
			);
			path = "Preview Content";
			sourceTree = "<group>";
		};
		9967788029DB387300DEC95F /* Views */ = {
			isa = PBXGroup;
			children = (
				99CE057D29E1EE28001651ED /* Authentication */,
				99CE057029E11E43001651ED /* Profile */,
				9967789929DB69CE00DEC95F /* Helpers */,
				9967789629DB495700DEC95F /* Post */,
				9967788D29DB3AE900DEC95F /* Notifications */,
				9967788629DB3A8600DEC95F /* Messages */,
				9967788529DB3A7F00DEC95F /* Search */,
				9967788429DB3A7600DEC95F /* Feed */,
				9967788129DB388C00DEC95F /* Main */,
				9967783029DA3BE100DEC95F /* Twitter_CloneApp.swift */,
			);
			path = Views;
			sourceTree = "<group>";
		};
		9967788129DB388C00DEC95F /* Main */ = {
			isa = PBXGroup;
			children = (
				9967788229DB389F00DEC95F /* HomeView.swift */,
				9980CF4329DF112000AAEC47 /* TopBarView.swift */,
				998903E329DF126D0022AF0A /* MainView.swift */,
				99CE056E29DFA36D001651ED /* SlideMenuView.swift */,
			);
			path = Main;
			sourceTree = "<group>";
		};
		9967788429DB3A7600DEC95F /* Feed */ = {
			isa = PBXGroup;
			children = (
				9967788729DB3A9400DEC95F /* FeedView.swift */,
				9909137229DB8FED00EB2393 /* TweetCellView.swift */,
			);
			path = Feed;
			sourceTree = "<group>";
		};
		9967788529DB3A7F00DEC95F /* Search */ = {
			isa = PBXGroup;
			children = (
				9909137529DC738900EB2393 /* SearchCell.swift */,
				9967788929DB3A9D00DEC95F /* SearchView.swift */,
				9909137929DCA5F300EB2393 /* SearchUserCell.swift */,
			);
			path = Search;
			sourceTree = "<group>";
		};
		9967788629DB3A8600DEC95F /* Messages */ = {
			isa = PBXGroup;
			children = (
				9967788B29DB3AA700DEC95F /* MessagesView.swift */,
				9980CF4129DE60A700AAEC47 /* MessageCellView.swift */,
			);
			path = Messages;
			sourceTree = "<group>";
		};
		9967788D29DB3AE900DEC95F /* Notifications */ = {
			isa = PBXGroup;
			children = (
				9967788E29DB3B0500DEC95F /* NotificationsView.swift */,
				9909137D29DCBDE700EB2393 /* NotificationCell.swift */,
			);
			path = Notifications;
			sourceTree = "<group>";
		};
		9967789329DB42FB00DEC95F /* Extensions */ = {
			isa = PBXGroup;
			children = (
				9967789429DB430800DEC95F /* Color+Extensions.swift */,
				9909137B29DCB28300EB2393 /* UIApplication+Extension.swift */,
				99CE057529E12179001651ED /* View+Extensions.swift */,
			);
			path = Extensions;
			sourceTree = "<group>";
		};
		9967789629DB495700DEC95F /* Post */ = {
			isa = PBXGroup;
			children = (
				9967789729DB496700DEC95F /* CreateTweetView.swift */,
			);
			path = Post;
			sourceTree = "<group>";
		};
		9967789929DB69CE00DEC95F /* Helpers */ = {
			isa = PBXGroup;
			children = (
				9967789A29DB69FE00DEC95F /* MultilineTextFeildRepresentable.swift */,
				9909137729DC81F500EB2393 /* SearchBarView.swift */,
				99CE056A29DFA33A001651ED /* FollowView.swift */,
				99CE056C29DFA357001651ED /* MenuButtonView.swift */,
				99CE058029E1F35C001651ED /* SignupButtonView.swift */,
				9993C54829E208EF00727DD9 /* CustomAuthTextField.swift */,
				99E720CA29E89E9F0005B48C /* NextButton.swift */,
				9960822D29FC41D1008BBF69 /* ImagePicker.swift */,
			);
			path = Helpers;
			sourceTree = "<group>";
		};
		99CE057029E11E43001651ED /* Profile */ = {
			isa = PBXGroup;
			children = (
				99CE057B29E1EAF3001651ED /* ProfileTabButtonView.swift */,
				99CE057129E11E4F001651ED /* UserProfileView.swift */,
				99CE057329E11FF3001651ED /* BlurViewRepresentable.swift */,
			);
			path = Profile;
			sourceTree = "<group>";
		};
		99CE057D29E1EE28001651ED /* Authentication */ = {
			isa = PBXGroup;
			children = (
				9993C54629E2079D00727DD9 /* RegisterView.swift */,
				99CE057E29E1EE3F001651ED /* WelcomeView.swift */,
				9993C54A29E2109700727DD9 /* LoginView.swift */,
				99E720CC29E9BC340005B48C /* ContentView.swift */,
			);
			path = Authentication;
			sourceTree = "<group>";
		};
		99E720C129E795F40005B48C /* Model */ = {
			isa = PBXGroup;
			children = (
				99231E1C29F1BF0A003A8B8D /* Requests */,
				99231E1B29F1BF01003A8B8D /* Response */,
			);
			path = Model;
			sourceTree = "<group>";
		};
		99E720C429E8868C0005B48C /* ViewModel */ = {
			isa = PBXGroup;
			children = (
				996082332A001912008BBF69 /* Feed */,
				99F03FEF29F2401E007E9FE8 /* Post */,
				99F03FEE29F24011007E9FE8 /* Authentication */,
			);
			path = ViewModel;
			sourceTree = "<group>";
		};
		99E720C729E88C0B0005B48C /* Services */ = {
			isa = PBXGroup;
			children = (
				99E720C829E88C170005B48C /* AuthServices.swift */,
				9960822B29FC2B7F008BBF69 /* NetworkRequest.swift */,
				9960822F29FC4B9E008BBF69 /* ImageUploader.swift */,
			);
			path = Services;
			sourceTree = "<group>";
		};
		99F03FEE29F24011007E9FE8 /* Authentication */ = {
			isa = PBXGroup;
			children = (
				99E720C529E886970005B48C /* AuthViewModel.swift */,
			);
			path = Authentication;
			sourceTree = "<group>";
		};
		99F03FEF29F2401E007E9FE8 /* Post */ = {
			isa = PBXGroup;
			children = (
				99F03FEC29F2400D007E9FE8 /* TweetViewModel.swift */,
			);
			path = Post;
			sourceTree = "<group>";
		};
/* End PBXGroup section */

/* Begin PBXNativeTarget section */
		9967782C29DA3BE100DEC95F /* Twitter-Clone */ = {
			isa = PBXNativeTarget;
			buildConfigurationList = 9967783B29DA3BE200DEC95F /* Build configuration list for PBXNativeTarget "Twitter-Clone" */;
			buildPhases = (
				9967782929DA3BE100DEC95F /* Sources */,
				9967782A29DA3BE100DEC95F /* Frameworks */,
				9967782B29DA3BE100DEC95F /* Resources */,
			);
			buildRules = (
			);
			dependencies = (
			);
			name = "Twitter-Clone";
			packageProductDependencies = (
				996082372A00225F008BBF69 /* Kingfisher */,
			);
			productName = "Twitter-Clone";
			productReference = 9967782D29DA3BE100DEC95F /* Twitter-Clone.app */;
			productType = "com.apple.product-type.application";
		};
/* End PBXNativeTarget section */

/* Begin PBXProject section */
		9967782529DA3BE100DEC95F /* Project object */ = {
			isa = PBXProject;
			attributes = {
				BuildIndependentTargetsInParallel = 1;
				LastSwiftUpdateCheck = 1420;
				LastUpgradeCheck = 1420;
				TargetAttributes = {
					9967782C29DA3BE100DEC95F = {
						CreatedOnToolsVersion = 14.2;
					};
				};
			};
			buildConfigurationList = 9967782829DA3BE100DEC95F /* Build configuration list for PBXProject "Twitter-Clone" */;
			compatibilityVersion = "Xcode 14.0";
			developmentRegion = en;
			hasScannedForEncodings = 0;
			knownRegions = (
				en,
				Base,
			);
			mainGroup = 9967782429DA3BE100DEC95F;
			packageReferences = (
				996082362A00225F008BBF69 /* XCRemoteSwiftPackageReference "Kingfisher" */,
			);
			productRefGroup = 9967782E29DA3BE100DEC95F /* Products */;
			projectDirPath = "";
			projectRoot = "";
			targets = (
				9967782C29DA3BE100DEC95F /* Twitter-Clone */,
			);
		};
/* End PBXProject section */

/* Begin PBXResourcesBuildPhase section */
		9967782B29DA3BE100DEC95F /* Resources */ = {
			isa = PBXResourcesBuildPhase;
			buildActionMask = 2147483647;
			files = (
				9967783829DA3BE200DEC95F /* Preview Assets.xcassets in Resources */,
				9967783529DA3BE200DEC95F /* Assets.xcassets in Resources */,
			);
			runOnlyForDeploymentPostprocessing = 0;
		};
/* End PBXResourcesBuildPhase section */

/* Begin PBXSourcesBuildPhase section */
		9967782929DA3BE100DEC95F /* Sources */ = {
			isa = PBXSourcesBuildPhase;
			buildActionMask = 2147483647;
			files = (
				9980CF4229DE60A700AAEC47 /* MessageCellView.swift in Sources */,
				998903E429DF126D0022AF0A /* MainView.swift in Sources */,
				99CE057429E11FF3001651ED /* BlurViewRepresentable.swift in Sources */,
				9960822E29FC41D1008BBF69 /* ImagePicker.swift in Sources */,
				99CE057C29E1EAF3001651ED /* ProfileTabButtonView.swift in Sources */,
				99E720C329E796010005B48C /* User.swift in Sources */,
				9980CF4429DF112000AAEC47 /* TopBarView.swift in Sources */,
				99CE056D29DFA357001651ED /* MenuButtonView.swift in Sources */,
				9909137329DB8FED00EB2393 /* TweetCellView.swift in Sources */,
				99CE057F29E1EE3F001651ED /* WelcomeView.swift in Sources */,
				99F03FEB29F23F23007E9FE8 /* TweetRequest.swift in Sources */,
				9909137629DC738900EB2393 /* SearchCell.swift in Sources */,
				9960823029FC4B9E008BBF69 /* ImageUploader.swift in Sources */,
				99CE058129E1F35C001651ED /* SignupButtonView.swift in Sources */,
				9967789829DB496700DEC95F /* CreateTweetView.swift in Sources */,
				996082352A001F8C008BBF69 /* TweetCellViewModel.swift in Sources */,
				99E720C629E886970005B48C /* AuthViewModel.swift in Sources */,
				99231E1E29F1BF4B003A8B8D /* RegisterUserRequest.swift in Sources */,
				99CE057229E11E4F001651ED /* UserProfileView.swift in Sources */,
				9993C54929E208EF00727DD9 /* CustomAuthTextField.swift in Sources */,
				9967789B29DB69FE00DEC95F /* MultilineTextFeildRepresentable.swift in Sources */,
				99F03FE929F23F14007E9FE8 /* Tweet.swift in Sources */,
				99E720CD29E9BC340005B48C /* ContentView.swift in Sources */,
				99CE056B29DFA33A001651ED /* FollowView.swift in Sources */,
				9909137A29DCA5F300EB2393 /* SearchUserCell.swift in Sources */,
				9909137829DC81F500EB2393 /* SearchBarView.swift in Sources */,
				99231E1A29F1BD3B003A8B8D /* UserLoginRequest.swift in Sources */,
				9909137C29DCB28300EB2393 /* UIApplication+Extension.swift in Sources */,
				9993C54B29E2109700727DD9 /* LoginView.swift in Sources */,
				99E720C929E88C170005B48C /* AuthServices.swift in Sources */,
				9960822C29FC2B7F008BBF69 /* NetworkRequest.swift in Sources */,
				99E720CB29E89E9F0005B48C /* NextButton.swift in Sources */,
				9993C54729E2079D00727DD9 /* RegisterView.swift in Sources */,
				9967788A29DB3A9D00DEC95F /* SearchView.swift in Sources */,
				9967788829DB3A9400DEC95F /* FeedView.swift in Sources */,
				9967788C29DB3AA700DEC95F /* MessagesView.swift in Sources */,
				9967788329DB389F00DEC95F /* HomeView.swift in Sources */,
				9967789529DB430800DEC95F /* Color+Extensions.swift in Sources */,
				9967783129DA3BE100DEC95F /* Twitter_CloneApp.swift in Sources */,
				996082322A00190E008BBF69 /* FeedViewModel.swift in Sources */,
				9909137E29DCBDE700EB2393 /* NotificationCell.swift in Sources */,
				99F03FED29F2400D007E9FE8 /* TweetViewModel.swift in Sources */,
				9967788F29DB3B0500DEC95F /* NotificationsView.swift in Sources */,
				99CE057629E12179001651ED /* View+Extensions.swift in Sources */,
				99CE056F29DFA36D001651ED /* SlideMenuView.swift in Sources */,
			);
			runOnlyForDeploymentPostprocessing = 0;
		};
/* End PBXSourcesBuildPhase section */

/* Begin XCBuildConfiguration section */
		9967783929DA3BE200DEC95F /* Debug */ = {
			isa = XCBuildConfiguration;
			buildSettings = {
				ALWAYS_SEARCH_USER_PATHS = NO;
				CLANG_ANALYZER_NONNULL = YES;
				CLANG_ANALYZER_NUMBER_OBJECT_CONVERSION = YES_AGGRESSIVE;
				CLANG_CXX_LANGUAGE_STANDARD = "gnu++20";
				CLANG_ENABLE_MODULES = YES;
				CLANG_ENABLE_OBJC_ARC = YES;
				CLANG_ENABLE_OBJC_WEAK = YES;
				CLANG_WARN_BLOCK_CAPTURE_AUTORELEASING = YES;
				CLANG_WARN_BOOL_CONVERSION = YES;
				CLANG_WARN_COMMA = YES;
				CLANG_WARN_CONSTANT_CONVERSION = YES;
				CLANG_WARN_DEPRECATED_OBJC_IMPLEMENTATIONS = YES;
				CLANG_WARN_DIRECT_OBJC_ISA_USAGE = YES_ERROR;
				CLANG_WARN_DOCUMENTATION_COMMENTS = YES;
				CLANG_WARN_EMPTY_BODY = YES;
				CLANG_WARN_ENUM_CONVERSION = YES;
				CLANG_WARN_INFINITE_RECURSION = YES;
				CLANG_WARN_INT_CONVERSION = YES;
				CLANG_WARN_NON_LITERAL_NULL_CONVERSION = YES;
				CLANG_WARN_OBJC_IMPLICIT_RETAIN_SELF = YES;
				CLANG_WARN_OBJC_LITERAL_CONVERSION = YES;
				CLANG_WARN_OBJC_ROOT_CLASS = YES_ERROR;
				CLANG_WARN_QUOTED_INCLUDE_IN_FRAMEWORK_HEADER = YES;
				CLANG_WARN_RANGE_LOOP_ANALYSIS = YES;
				CLANG_WARN_STRICT_PROTOTYPES = YES;
				CLANG_WARN_SUSPICIOUS_MOVE = YES;
				CLANG_WARN_UNGUARDED_AVAILABILITY = YES_AGGRESSIVE;
				CLANG_WARN_UNREACHABLE_CODE = YES;
				CLANG_WARN__DUPLICATE_METHOD_MATCH = YES;
				COPY_PHASE_STRIP = NO;
				DEBUG_INFORMATION_FORMAT = dwarf;
				ENABLE_STRICT_OBJC_MSGSEND = YES;
				ENABLE_TESTABILITY = YES;
				GCC_C_LANGUAGE_STANDARD = gnu11;
				GCC_DYNAMIC_NO_PIC = NO;
				GCC_NO_COMMON_BLOCKS = YES;
				GCC_OPTIMIZATION_LEVEL = 0;
				GCC_PREPROCESSOR_DEFINITIONS = (
					"DEBUG=1",
					"$(inherited)",
				);
				GCC_WARN_64_TO_32_BIT_CONVERSION = YES;
				GCC_WARN_ABOUT_RETURN_TYPE = YES_ERROR;
				GCC_WARN_UNDECLARED_SELECTOR = YES;
				GCC_WARN_UNINITIALIZED_AUTOS = YES_AGGRESSIVE;
				GCC_WARN_UNUSED_FUNCTION = YES;
				GCC_WARN_UNUSED_VARIABLE = YES;
				IPHONEOS_DEPLOYMENT_TARGET = 16.2;
				MTL_ENABLE_DEBUG_INFO = INCLUDE_SOURCE;
				MTL_FAST_MATH = YES;
				ONLY_ACTIVE_ARCH = YES;
				SDKROOT = iphoneos;
				SWIFT_ACTIVE_COMPILATION_CONDITIONS = DEBUG;
				SWIFT_OPTIMIZATION_LEVEL = "-Onone";
			};
			name = Debug;
		};
		9967783A29DA3BE200DEC95F /* Release */ = {
			isa = XCBuildConfiguration;
			buildSettings = {
				ALWAYS_SEARCH_USER_PATHS = NO;
				CLANG_ANALYZER_NONNULL = YES;
				CLANG_ANALYZER_NUMBER_OBJECT_CONVERSION = YES_AGGRESSIVE;
				CLANG_CXX_LANGUAGE_STANDARD = "gnu++20";
				CLANG_ENABLE_MODULES = YES;
				CLANG_ENABLE_OBJC_ARC = YES;
				CLANG_ENABLE_OBJC_WEAK = YES;
				CLANG_WARN_BLOCK_CAPTURE_AUTORELEASING = YES;
				CLANG_WARN_BOOL_CONVERSION = YES;
				CLANG_WARN_COMMA = YES;
				CLANG_WARN_CONSTANT_CONVERSION = YES;
				CLANG_WARN_DEPRECATED_OBJC_IMPLEMENTATIONS = YES;
				CLANG_WARN_DIRECT_OBJC_ISA_USAGE = YES_ERROR;
				CLANG_WARN_DOCUMENTATION_COMMENTS = YES;
				CLANG_WARN_EMPTY_BODY = YES;
				CLANG_WARN_ENUM_CONVERSION = YES;
				CLANG_WARN_INFINITE_RECURSION = YES;
				CLANG_WARN_INT_CONVERSION = YES;
				CLANG_WARN_NON_LITERAL_NULL_CONVERSION = YES;
				CLANG_WARN_OBJC_IMPLICIT_RETAIN_SELF = YES;
				CLANG_WARN_OBJC_LITERAL_CONVERSION = YES;
				CLANG_WARN_OBJC_ROOT_CLASS = YES_ERROR;
				CLANG_WARN_QUOTED_INCLUDE_IN_FRAMEWORK_HEADER = YES;
				CLANG_WARN_RANGE_LOOP_ANALYSIS = YES;
				CLANG_WARN_STRICT_PROTOTYPES = YES;
				CLANG_WARN_SUSPICIOUS_MOVE = YES;
				CLANG_WARN_UNGUARDED_AVAILABILITY = YES_AGGRESSIVE;
				CLANG_WARN_UNREACHABLE_CODE = YES;
				CLANG_WARN__DUPLICATE_METHOD_MATCH = YES;
				COPY_PHASE_STRIP = NO;
				DEBUG_INFORMATION_FORMAT = "dwarf-with-dsym";
				ENABLE_NS_ASSERTIONS = NO;
				ENABLE_STRICT_OBJC_MSGSEND = YES;
				GCC_C_LANGUAGE_STANDARD = gnu11;
				GCC_NO_COMMON_BLOCKS = YES;
				GCC_WARN_64_TO_32_BIT_CONVERSION = YES;
				GCC_WARN_ABOUT_RETURN_TYPE = YES_ERROR;
				GCC_WARN_UNDECLARED_SELECTOR = YES;
				GCC_WARN_UNINITIALIZED_AUTOS = YES_AGGRESSIVE;
				GCC_WARN_UNUSED_FUNCTION = YES;
				GCC_WARN_UNUSED_VARIABLE = YES;
				IPHONEOS_DEPLOYMENT_TARGET = 16.2;
				MTL_ENABLE_DEBUG_INFO = NO;
				MTL_FAST_MATH = YES;
				SDKROOT = iphoneos;
				SWIFT_COMPILATION_MODE = wholemodule;
				SWIFT_OPTIMIZATION_LEVEL = "-O";
				VALIDATE_PRODUCT = YES;
			};
			name = Release;
		};
		9967783C29DA3BE200DEC95F /* Debug */ = {
			isa = XCBuildConfiguration;
			buildSettings = {
				ASSETCATALOG_COMPILER_APPICON_NAME = AppIcon;
				ASSETCATALOG_COMPILER_GLOBAL_ACCENT_COLOR_NAME = AccentColor;
				CODE_SIGN_STYLE = Automatic;
				CURRENT_PROJECT_VERSION = 1;
				DEVELOPMENT_ASSET_PATHS = "\"Twitter-Clone/Preview Content\"";
				DEVELOPMENT_TEAM = XSH9P55B5U;
				ENABLE_PREVIEWS = YES;
				GENERATE_INFOPLIST_FILE = YES;
				INFOPLIST_KEY_UIApplicationSceneManifest_Generation = YES;
				INFOPLIST_KEY_UIApplicationSupportsIndirectInputEvents = YES;
				INFOPLIST_KEY_UILaunchScreen_Generation = YES;
				INFOPLIST_KEY_UISupportedInterfaceOrientations_iPad = "UIInterfaceOrientationPortrait UIInterfaceOrientationPortraitUpsideDown UIInterfaceOrientationLandscapeLeft UIInterfaceOrientationLandscapeRight";
				INFOPLIST_KEY_UISupportedInterfaceOrientations_iPhone = "UIInterfaceOrientationPortrait UIInterfaceOrientationLandscapeLeft UIInterfaceOrientationLandscapeRight";
				LD_RUNPATH_SEARCH_PATHS = (
					"$(inherited)",
					"@executable_path/Frameworks",
				);
				MARKETING_VERSION = 1.0;
				PRODUCT_BUNDLE_IDENTIFIER = "com.fraser.matthew.Twitter-Clone";
				PRODUCT_NAME = "$(TARGET_NAME)";
				SWIFT_EMIT_LOC_STRINGS = YES;
				SWIFT_VERSION = 5.0;
				TARGETED_DEVICE_FAMILY = "1,2";
			};
			name = Debug;
		};
		9967783D29DA3BE200DEC95F /* Release */ = {
			isa = XCBuildConfiguration;
			buildSettings = {
				ASSETCATALOG_COMPILER_APPICON_NAME = AppIcon;
				ASSETCATALOG_COMPILER_GLOBAL_ACCENT_COLOR_NAME = AccentColor;
				CODE_SIGN_STYLE = Automatic;
				CURRENT_PROJECT_VERSION = 1;
				DEVELOPMENT_ASSET_PATHS = "\"Twitter-Clone/Preview Content\"";
				DEVELOPMENT_TEAM = XSH9P55B5U;
				ENABLE_PREVIEWS = YES;
				GENERATE_INFOPLIST_FILE = YES;
				INFOPLIST_KEY_UIApplicationSceneManifest_Generation = YES;
				INFOPLIST_KEY_UIApplicationSupportsIndirectInputEvents = YES;
				INFOPLIST_KEY_UILaunchScreen_Generation = YES;
				INFOPLIST_KEY_UISupportedInterfaceOrientations_iPad = "UIInterfaceOrientationPortrait UIInterfaceOrientationPortraitUpsideDown UIInterfaceOrientationLandscapeLeft UIInterfaceOrientationLandscapeRight";
				INFOPLIST_KEY_UISupportedInterfaceOrientations_iPhone = "UIInterfaceOrientationPortrait UIInterfaceOrientationLandscapeLeft UIInterfaceOrientationLandscapeRight";
				LD_RUNPATH_SEARCH_PATHS = (
					"$(inherited)",
					"@executable_path/Frameworks",
				);
				MARKETING_VERSION = 1.0;
				PRODUCT_BUNDLE_IDENTIFIER = "com.fraser.matthew.Twitter-Clone";
				PRODUCT_NAME = "$(TARGET_NAME)";
				SWIFT_EMIT_LOC_STRINGS = YES;
				SWIFT_VERSION = 5.0;
				TARGETED_DEVICE_FAMILY = "1,2";
			};
			name = Release;
		};
/* End XCBuildConfiguration section */

/* Begin XCConfigurationList section */
		9967782829DA3BE100DEC95F /* Build configuration list for PBXProject "Twitter-Clone" */ = {
			isa = XCConfigurationList;
			buildConfigurations = (
				9967783929DA3BE200DEC95F /* Debug */,
				9967783A29DA3BE200DEC95F /* Release */,
			);
			defaultConfigurationIsVisible = 0;
			defaultConfigurationName = Release;
		};
		9967783B29DA3BE200DEC95F /* Build configuration list for PBXNativeTarget "Twitter-Clone" */ = {
			isa = XCConfigurationList;
			buildConfigurations = (
				9967783C29DA3BE200DEC95F /* Debug */,
				9967783D29DA3BE200DEC95F /* Release */,
			);
			defaultConfigurationIsVisible = 0;
			defaultConfigurationName = Release;
		};
/* End XCConfigurationList section */

/* Begin XCRemoteSwiftPackageReference section */
		996082362A00225F008BBF69 /* XCRemoteSwiftPackageReference "Kingfisher" */ = {
			isa = XCRemoteSwiftPackageReference;
			repositoryURL = "https://github.com/onevcat/Kingfisher.git";
			requirement = {
				kind = upToNextMajorVersion;
				minimumVersion = 7.0.0;
			};
		};
/* End XCRemoteSwiftPackageReference section */

/* Begin XCSwiftPackageProductDependency section */
		996082372A00225F008BBF69 /* Kingfisher */ = {
			isa = XCSwiftPackageProductDependency;
			package = 996082362A00225F008BBF69 /* XCRemoteSwiftPackageReference "Kingfisher" */;
			productName = Kingfisher;
		};
/* End XCSwiftPackageProductDependency section */
	};
	rootObject = 9967782529DA3BE100DEC95F /* Project object */;
}
